
Microsoft Visual Studio Solution File, Format Version 12.00
# Visual Studio 15
VisualStudioVersion = 15.0.28307.421
MinimumVisualStudioVersion = 10.0.40219.1
Project("{FAE04EC0-301F-11D3-BF4B-00C04F79EFBC}") = "Delegates", "Delegates\Delegates.csproj", "{260ABE91-02CC-433F-811F-6CB3E5945465}"
EndProject
Project("{2150E333-8FDC-42A3-9474-1A3956D46DE8}") = "BookProjects", "BookProjects", "{DFF57DF0-3439-40D2-955C-07A35F5B947B}"
EndProject
Project("{FAE04EC0-301F-11D3-BF4B-00C04F79EFBC}") = "Contracts", "Contracts\Contracts.csproj", "{3DDBC913-150F-4EC0-8C53-F2B6D4A6DF97}"
EndProject
Project("{FAE04EC0-301F-11D3-BF4B-00C04F79EFBC}") = "GoogleBooksClient", "GoogleBooksClient\GoogleBooksClient.csproj", "{F05CAA92-31A1-4C2A-8712-DB28176F8987}"
EndProject
Project("{FAE04EC0-301F-11D3-BF4B-00C04F79EFBC}") = "BookHelper", "BookHelper\BookHelper.csproj", "{86A1A661-1736-4540-9348-8CE9D392623D}"
EndProject
Project("{FAE04EC0-301F-11D3-BF4B-00C04F79EFBC}") = "NeueCSHarpFeatures", "NeueCSHarpFeatures\NeueCSHarpFeatures.csproj", "{6246D404-2422-4D6E-AB5B-9A6EBFB507F8}"
EndProject
Project("{FAE04EC0-301F-11D3-BF4B-00C04F79EFBC}") = "SpaßMitLambda", "SpaßMitLambda\SpaßMitLambda.csproj", "{E773E41C-439B-4E34-A107-A29B11EE310D}"
EndProject
Project("{2150E333-8FDC-42A3-9474-1A3956D46DE8}") = "Plugins", "Plugins", "{CF7B45BE-BC60-4F1E-9799-6F17AE09F074}"
EndProject
Project("{FAE04EC0-301F-11D3-BF4B-00C04F79EFBC}") = "ImagePlugin", "ImagePlugin\ImagePlugin.csproj", "{C3C75F12-C52B-4FD1-A387-132404958D0A}"
EndProject
Project("{FAE04EC0-301F-11D3-BF4B-00C04F79EFBC}") = "BookPreviewPlugin", "BookPreviewPlugin\BookPreviewPlugin.csproj", "{1539EBA9-2DB9-4AB8-9514-11A59EC375AF}"
EndProject
Project("{2150E333-8FDC-42A3-9474-1A3956D46DE8}") = "Multithreading", "Multithreading", "{71A428A9-4178-4344-A727-B200C36E38EE}"
EndProject
Project("{FAE04EC0-301F-11D3-BF4B-00C04F79EFBC}") = "ThreadTaskAsyncAwait", "ThreadTaskAsyncAwait\ThreadTaskAsyncAwait.csproj", "{42E50C6E-F28E-4497-BCB6-E03B3A802ED1}"
EndProject
Project("{FAE04EC0-301F-11D3-BF4B-00C04F79EFBC}") = "CountdownTimer", "CountdownTimer\CountdownTimer.csproj", "{2E15A803-AFF2-417C-89D0-DC2A08C7725B}"
EndProject
Global
	GlobalSection(SolutionConfigurationPlatforms) = preSolution
		Debug|Any CPU = Debug|Any CPU
		Release|Any CPU = Release|Any CPU
	EndGlobalSection
	GlobalSection(ProjectConfigurationPlatforms) = postSolution
		{260ABE91-02CC-433F-811F-6CB3E5945465}.Debug|Any CPU.ActiveCfg = Debug|Any CPU
		{260ABE91-02CC-433F-811F-6CB3E5945465}.Debug|Any CPU.Build.0 = Debug|Any CPU
		{260ABE91-02CC-433F-811F-6CB3E5945465}.Release|Any CPU.ActiveCfg = Release|Any CPU
		{260ABE91-02CC-433F-811F-6CB3E5945465}.Release|Any CPU.Build.0 = Release|Any CPU
		{3DDBC913-150F-4EC0-8C53-F2B6D4A6DF97}.Debug|Any CPU.ActiveCfg = Debug|Any CPU
		{3DDBC913-150F-4EC0-8C53-F2B6D4A6DF97}.Debug|Any CPU.Build.0 = Debug|Any CPU
		{3DDBC913-150F-4EC0-8C53-F2B6D4A6DF97}.Release|Any CPU.ActiveCfg = Release|Any CPU
		{3DDBC913-150F-4EC0-8C53-F2B6D4A6DF97}.Release|Any CPU.Build.0 = Release|Any CPU
		{F05CAA92-31A1-4C2A-8712-DB28176F8987}.Debug|Any CPU.ActiveCfg = Debug|Any CPU
		{F05CAA92-31A1-4C2A-8712-DB28176F8987}.Debug|Any CPU.Build.0 = Debug|Any CPU
		{F05CAA92-31A1-4C2A-8712-DB28176F8987}.Release|Any CPU.ActiveCfg = Release|Any CPU
		{F05CAA92-31A1-4C2A-8712-DB28176F8987}.Release|Any CPU.Build.0 = Release|Any CPU
		{86A1A661-1736-4540-9348-8CE9D392623D}.Debug|Any CPU.ActiveCfg = Debug|Any CPU
		{86A1A661-1736-4540-9348-8CE9D392623D}.Debug|Any CPU.Build.0 = Debug|Any CPU
		{86A1A661-1736-4540-9348-8CE9D392623D}.Release|Any CPU.ActiveCfg = Release|Any CPU
		{86A1A661-1736-4540-9348-8CE9D392623D}.Release|Any CPU.Build.0 = Release|Any CPU
		{6246D404-2422-4D6E-AB5B-9A6EBFB507F8}.Debug|Any CPU.ActiveCfg = Debug|Any CPU
		{6246D404-2422-4D6E-AB5B-9A6EBFB507F8}.Debug|Any CPU.Build.0 = Debug|Any CPU
		{6246D404-2422-4D6E-AB5B-9A6EBFB507F8}.Release|Any CPU.ActiveCfg = Release|Any CPU
		{6246D404-2422-4D6E-AB5B-9A6EBFB507F8}.Release|Any CPU.Build.0 = Release|Any CPU
		{E773E41C-439B-4E34-A107-A29B11EE310D}.Debug|Any CPU.ActiveCfg = Debug|Any CPU
		{E773E41C-439B-4E34-A107-A29B11EE310D}.Debug|Any CPU.Build.0 = Debug|Any CPU
		{E773E41C-439B-4E34-A107-A29B11EE310D}.Release|Any CPU.ActiveCfg = Release|Any CPU
		{E773E41C-439B-4E34-A107-A29B11EE310D}.Release|Any CPU.Build.0 = Release|Any CPU
		{C3C75F12-C52B-4FD1-A387-132404958D0A}.Debug|Any CPU.ActiveCfg = Debug|Any CPU
		{C3C75F12-C52B-4FD1-A387-132404958D0A}.Debug|Any CPU.Build.0 = Debug|Any CPU
		{C3C75F12-C52B-4FD1-A387-132404958D0A}.Release|Any CPU.ActiveCfg = Release|Any CPU
		{C3C75F12-C52B-4FD1-A387-132404958D0A}.Release|Any CPU.Build.0 = Release|Any CPU
		{1539EBA9-2DB9-4AB8-9514-11A59EC375AF}.Debug|Any CPU.ActiveCfg = Debug|Any CPU
		{1539EBA9-2DB9-4AB8-9514-11A59EC375AF}.Debug|Any CPU.Build.0 = Debug|Any CPU
		{1539EBA9-2DB9-4AB8-9514-11A59EC375AF}.Release|Any CPU.ActiveCfg = Release|Any CPU
		{1539EBA9-2DB9-4AB8-9514-11A59EC375AF}.Release|Any CPU.Build.0 = Release|Any CPU
		{42E50C6E-F28E-4497-BCB6-E03B3A802ED1}.Debug|Any CPU.ActiveCfg = Debug|Any CPU
		{42E50C6E-F28E-4497-BCB6-E03B3A802ED1}.Debug|Any CPU.Build.0 = Debug|Any CPU
		{42E50C6E-F28E-4497-BCB6-E03B3A802ED1}.Release|Any CPU.ActiveCfg = Release|Any CPU
		{42E50C6E-F28E-4497-BCB6-E03B3A802ED1}.Release|Any CPU.Build.0 = Release|Any CPU
		{2E15A803-AFF2-417C-89D0-DC2A08C7725B}.Debug|Any CPU.ActiveCfg = Debug|Any CPU
		{2E15A803-AFF2-417C-89D0-DC2A08C7725B}.Debug|Any CPU.Build.0 = Debug|Any CPU
		{2E15A803-AFF2-417C-89D0-DC2A08C7725B}.Release|Any CPU.ActiveCfg = Release|Any CPU
		{2E15A803-AFF2-417C-89D0-DC2A08C7725B}.Release|Any CPU.Build.0 = Release|Any CPU
	EndGlobalSection
	GlobalSection(SolutionProperties) = preSolution
		HideSolutionNode = FALSE
	EndGlobalSection
	GlobalSection(NestedProjects) = preSolution
		{3DDBC913-150F-4EC0-8C53-F2B6D4A6DF97} = {DFF57DF0-3439-40D2-955C-07A35F5B947B}
		{F05CAA92-31A1-4C2A-8712-DB28176F8987} = {DFF57DF0-3439-40D2-955C-07A35F5B947B}
		{86A1A661-1736-4540-9348-8CE9D392623D} = {DFF57DF0-3439-40D2-955C-07A35F5B947B}
		{CF7B45BE-BC60-4F1E-9799-6F17AE09F074} = {DFF57DF0-3439-40D2-955C-07A35F5B947B}
		{C3C75F12-C52B-4FD1-A387-132404958D0A} = {CF7B45BE-BC60-4F1E-9799-6F17AE09F074}
		{1539EBA9-2DB9-4AB8-9514-11A59EC375AF} = {CF7B45BE-BC60-4F1E-9799-6F17AE09F074}
		{42E50C6E-F28E-4497-BCB6-E03B3A802ED1} = {71A428A9-4178-4344-A727-B200C36E38EE}
		{2E15A803-AFF2-417C-89D0-DC2A08C7725B} = {71A428A9-4178-4344-A727-B200C36E38EE}
	EndGlobalSection
	GlobalSection(ExtensibilityGlobals) = postSolution
		SolutionGuid = {C02960FE-B8C5-4835-8345-4616E1B55383}
	EndGlobalSection
EndGlobal
